# This file is autogenerated, do not edit; changes may be undone by the next 'dep ensure'.


[[projects]]
  branch = "master"
  digest = "1:093bf93a65962e8191e3e8cd8fc6c363f83d43caca9739c906531ba7210a9904"
  name = "github.com/btcsuite/btcd"
  packages = ["btcec"]
  pruneopts = "UT"
  revision = "ed77733ec07dfc8a513741138419b8d9d3de9d2d"

[[projects]]
  branch = "master"
  digest = "1:386de157f7d19259a7f9c81f26ce011223ce0f090353c1152ffdf730d7d10ac2"
  name = "github.com/btcsuite/btcutil"
  packages = ["bech32"]
  pruneopts = "UT"
  revision = "bf1e1be935893b7c8ac9f020195f6b0dfd1f14e0"

[[projects]]
  digest = "1:ce2e76eda4769310b5d66e3c18bfeecc9634f7d144a152fae9fb37c2aacf1d12"
  name = "github.com/cosmos/cosmos-sdk"
  packages = [
    "crypto/keys/hd",
    "crypto/keys/keyerror",
    "crypto/keys/mintkey",
  ]
  pruneopts = "UT"
  revision = "6bff7082607a2c36439f8b6218816878c41ca6af"
  version = "v0.29.1"

[[projects]]
  branch = "master"
  digest = "1:0427cfa11785c899dfe0ea6987bc0c9dea61647f6bb3987163d62c867f1cad6a"
  name = "github.com/cosmos/go-bip39"
  packages = ["."]
  pruneopts = "UT"
  revision = "555e2067c45d9fcd7292bf3b8e732bc10ac8c58e"

[[projects]]
  digest = "1:ffe9824d294da03b391f44e1ae8281281b4afc1bdaa9588c9097785e3af10cec"
  name = "github.com/davecgh/go-spew"
  packages = ["spew"]
  pruneopts = "UT"
  revision = "8991bc29aa16c548c550c7ff78260e27b9ab7c73"
  version = "v1.1.1"

[[projects]]
  digest = "1:704b145137b5555c6bac6a7e52875e4df8a0a1b7ea74aaae864abcab61e672b0"
  name = "github.com/go-kit/kit"
  packages = [
    "log",
    "log/level",
    "log/term",
  ]
  pruneopts = "UT"
  revision = "4dc7be5d2d12881735283bcab7352178e190fc71"
  version = "v0.6.0"

[[projects]]
  digest = "1:4062bc6de62d73e2be342243cf138cf499b34d558876db8d9430e2149388a4d8"
  name = "github.com/go-logfmt/logfmt"
  packages = ["."]
  pruneopts = "UT"
  revision = "07c9b44f60d7ffdfb7d8efe1ad539965737836dc"
  version = "v0.4.0"

[[projects]]
  digest = "1:586ea76dbd0374d6fb649a91d70d652b7fe0ccffb8910a77468e7702e7901f3d"
  name = "github.com/go-stack/stack"
  packages = ["."]
  pruneopts = "UT"
  revision = "2fee6af1a9795aafbe0253a0cfbdf668e1fb8a9a"
  version = "v1.8.0"

[[projects]]
  digest = "1:bfc758d5a03d57d97226fac6934551c01bd76612adb119c177395b057a0a46db"
  name = "github.com/gogo/protobuf"
  packages = [
    "gogoproto",
    "proto",
    "protoc-gen-gogo/descriptor",
  ]
  pruneopts = "UT"
  revision = "636bf0302bc95575d69441b25a2603156ffdddf1"
  version = "v1.1.1"

[[projects]]
  digest = "1:15042ad3498153684d09f393bbaec6b216c8eec6d61f63dff711de7d64ed8861"
  name = "github.com/golang/protobuf"
  packages = ["proto"]
  pruneopts = "UT"
  revision = "b4deda0973fb4c70b50d226b1af49f3da59f5265"
  version = "v1.1.0"

[[projects]]
  branch = "master"
  digest = "1:f14d1b50e0075fb00177f12a96dd7addf93d1e2883c25befd17285b779549795"
  name = "github.com/gopherjs/gopherjs"
  packages = ["js"]
  pruneopts = "UT"
  revision = "d547d1d9531ed93dbdebcbff7f83e7c876a1e0ee"

[[projects]]
  branch = "master"
  digest = "1:a64e323dc06b73892e5bb5d040ced475c4645d456038333883f58934abbf6f72"
  name = "github.com/kr/logfmt"
  packages = ["."]
  pruneopts = "UT"
  revision = "b84e30acd515aadc4b783ad4ff83aff3299bdfe0"

[[projects]]
  digest = "1:40e195917a951a8bf867cd05de2a46aaf1806c50cf92eebf4c16f78cd196f747"
  name = "github.com/pkg/errors"
  packages = ["."]
  pruneopts = "UT"
  revision = "645ef00459ed84a119197bfb8d8205042c6df63d"
  version = "v0.8.0"

[[projects]]
  digest = "1:605b6546f3f43745695298ec2d342d3e952b6d91cdf9f349bea9315f677d759f"
  name = "github.com/tendermint/btcd"
  packages = ["btcec"]
  pruneopts = "UT"
  revision = "e5840949ff4fff0c56f9b6a541e22b63581ea9df"

[[projects]]
  digest = "1:ad9c4c1a4e7875330b1f62906f2830f043a23edb5db997e3a5ac5d3e6eadf80a"
  name = "github.com/tendermint/go-amino"
  packages = ["."]
  pruneopts = "UT"
  revision = "dc14acf9ef15f85828bfbc561ed9dd9d2a284885"
  version = "v0.14.1"

[[projects]]
  digest = "1:fabd0ce7b61e2cf4c95d6ba2c08ab46c4cb1b8a7d1d4af56b8d95f4523161f33"
  name = "github.com/tendermint/tendermint"
  packages = [
    "crypto",
    "crypto/armor",
    "crypto/ed25519",
    "crypto/encoding/amino",
    "crypto/multisig",
    "crypto/multisig/bitarray",
    "crypto/secp256k1",
    "crypto/tmhash",
    "crypto/xsalsa20symmetric",
    "libs/common",
    "libs/log",
  ]
  pruneopts = "UT"
  revision = "1e1ca15bccedc16c2452c73745c3c2b5df91ae96"
  version = "v0.27.4"

[[projects]]
  digest = "1:da0ab764a04f0b2609995edb604ae6e3bf95e14bc9be7f6be516081437b8e79b"
  name = "github.com/tendermint/tmlibs"
  packages = ["bech32"]
  pruneopts = "UT"
  revision = "49596e0a1f48866603813df843c9409fc19805c6"
  version = "v0.9.0"

[[projects]]
  digest = "1:54722b93455211bf22b7a061417717b5fc6184c091541c9b5e2ff7e4fed2d35d"
  name = "golang.org/x/crypto"
  packages = [
    "bcrypt",
    "blowfish",
    "chacha20poly1305",
    "ed25519",
    "ed25519/internal/edwards25519",
    "internal/chacha20",
    "internal/subtle",
    "nacl/secretbox",
    "openpgp/armor",
    "openpgp/errors",
    "pbkdf2",
    "poly1305",
    "ripemd160",
    "salsa20/salsa",
  ]
  pruneopts = "UT"
  revision = "3764759f34a542a3aef74d6b02e35be7ab893bba"
  source = "https://github.com/tendermint/crypto"

[[projects]]
  branch = "master"
  digest = "1:d64643374306ef30390ca9ddebc920b87ff1d8044f14eea405a2f060131d20f4"
  name = "golang.org/x/sys"
  packages = ["cpu"]
  pruneopts = "UT"
  revision = "11f53e03133963fb11ae0588e08b5e0b85be8be5"

[solve-meta]
  analyzer-name = "dep"
  analyzer-version = 1
  input-imports = [
    "github.com/cosmos/cosmos-sdk/crypto/keys/hd",
    "github.com/cosmos/cosmos-sdk/crypto/keys/mintkey",
    "github.com/cosmos/go-bip39",
    "github.com/gopherjs/gopherjs/js",
    "github.com/pkg/errors",
    "github.com/tendermint/go-amino",
    "github.com/tendermint/tendermint/crypto",
    "github.com/tendermint/tendermint/crypto/encoding/amino",
    "github.com/tendermint/tendermint/crypto/secp256k1",
    "github.com/tendermint/tmlibs/bech32",
  ]
  solver-name = "gps-cdcl"
  solver-version = 1
